{
  "object": {
    "pins": [
      {
        "package": "AudioKit",
        "repositoryURL": "https://github.com/AudioKit/AudioKit",
        "state": {
          "branch": "main",
          "revision": "e7f37266dc9200f04a2646b108acae98c87f8e46",
          "version": null
        }
      },
      {
        "package": "AudioKitUI",
        "repositoryURL": "https://github.com/AudioKit/AudioKitUI",
        "state": {
          "branch": "main",
          "revision": "6e68c1f213e1db3fd970fedd6d8923921d7189fd",
          "version": null
        }
      }
    ]
  },
  "version": 1
}
