{
  "originHash" : "c20c80ef92106bdeb2dd18ca4c200a0a524f083b0c2ef0ed671400c48847304d",
  "pins" : [
    {
      "identity" : "audiokit",
      "kind" : "remoteSourceControl",
      "location" : "https://github.com/AudioKit/AudioKit",
      "state" : {
        "branch" : "main",
        "revision" : "e66018e86048bc543bb214f3d63ce1308a504145"
      }
    },
    {
      "identity" : "keyboard",
      "kind" : "remoteSourceControl",
      "location" : "https://github.com/AudioKit/Keyboard",
      "state" : {
        "branch" : "main",
        "revision" : "3c3dd7bd0dd24af6a3d91dc49fa7f3375084d6a6"
      }
    },
    {
      "identity" : "tonic",
      "kind" : "remoteSourceControl",
      "location" : "https://github.com/AudioKit/Tonic.git",
      "state" : {
        "revision" : "d9280b44489bb753c4a2ac7206142547f2a986cc",
        "version" : "1.0.7"
      }
    }
  ],
  "version" : 3
}
